{
  "name": "table-frontend",
  "version": "1.0.0",
  "lockfileVersion": 1,
  "requires": true,
  "dependencies": {
    "konva": {
      "version": "8.3.14",
      "resolved": "https://registry.npmjs.org/konva/-/konva-8.3.14.tgz",
      "integrity": "sha512-6I/TZppgY3Frs//AvZ87YVQLFxLywitb8wLS3qMM+Ih9e4QcB5Yy8br6eq7DdUzxPdbsYTz1FQBHzNxs08M1Tw=="
    }
  }
}
